
Microsoft Visual Studio Solution File, Format Version 12.00
# Visual Studio Version 17
VisualStudioVersion = 17.13.36105.23 d17.13
MinimumVisualStudioVersion = 10.0.40219.1
Project("{FAE04EC0-301F-11D3-BF4B-00C04F79EFBC}") = "ArcCorpBackend", "ArcCorpBackend\ArcCorpBackend.csproj", "{A09BC8E6-572A-4B42-A007-1EBB5BECAC6C}"
EndProject
Project("{FAE04EC0-301F-11D3-BF4B-00C04F79EFBC}") = "ArcCorpBackend.Domain", "ArcCorpBackend.Domain\ArcCorpBackend.Domain.csproj", "{E88A4DCF-6252-4B8D-98B4-45C74CF85BC1}"
EndProject
Project("{FAE04EC0-301F-11D3-BF4B-00C04F79EFBC}") = "ArcCorpBackend.core", "ArcCorpBackend.core\ArcCorpBackend.core.csproj", "{1A68DB5B-183C-4FAC-9056-FE3CCB7143E7}"
EndProject
Global
	GlobalSection(SolutionConfigurationPlatforms) = preSolution
		Debug|Any CPU = Debug|Any CPU
		Release|Any CPU = Release|Any CPU
	EndGlobalSection
	GlobalSection(ProjectConfigurationPlatforms) = postSolution
		{A09BC8E6-572A-4B42-A007-1EBB5BECAC6C}.Debug|Any CPU.ActiveCfg = Debug|Any CPU
		{A09BC8E6-572A-4B42-A007-1EBB5BECAC6C}.Debug|Any CPU.Build.0 = Debug|Any CPU
		{A09BC8E6-572A-4B42-A007-1EBB5BECAC6C}.Release|Any CPU.ActiveCfg = Release|Any CPU
		{A09BC8E6-572A-4B42-A007-1EBB5BECAC6C}.Release|Any CPU.Build.0 = Release|Any CPU
		{E88A4DCF-6252-4B8D-98B4-45C74CF85BC1}.Debug|Any CPU.ActiveCfg = Debug|Any CPU
		{E88A4DCF-6252-4B8D-98B4-45C74CF85BC1}.Debug|Any CPU.Build.0 = Debug|Any CPU
		{E88A4DCF-6252-4B8D-98B4-45C74CF85BC1}.Release|Any CPU.ActiveCfg = Release|Any CPU
		{E88A4DCF-6252-4B8D-98B4-45C74CF85BC1}.Release|Any CPU.Build.0 = Release|Any CPU
		{1A68DB5B-183C-4FAC-9056-FE3CCB7143E7}.Debug|Any CPU.ActiveCfg = Debug|Any CPU
		{1A68DB5B-183C-4FAC-9056-FE3CCB7143E7}.Debug|Any CPU.Build.0 = Debug|Any CPU
		{1A68DB5B-183C-4FAC-9056-FE3CCB7143E7}.Release|Any CPU.ActiveCfg = Release|Any CPU
		{1A68DB5B-183C-4FAC-9056-FE3CCB7143E7}.Release|Any CPU.Build.0 = Release|Any CPU
	EndGlobalSection
	GlobalSection(SolutionProperties) = preSolution
		HideSolutionNode = FALSE
	EndGlobalSection
	GlobalSection(ExtensibilityGlobals) = postSolution
		SolutionGuid = {92C34091-68AC-43F1-A736-0AE0E0999751}
	EndGlobalSection
EndGlobal
